
Microsoft Visual Studio Solution File, Format Version 11.00
# Visual Studio 2010
Project("{FAE04EC0-301F-11D3-BF4B-00C04F79EFBC}") = "SteamCards", "SteamCards\SteamCards.csproj", "{C768A313-E92C-4970-B233-862E4D23AD76}"
EndProject
Global
	GlobalSection(SolutionConfigurationPlatforms) = preSolution
		Debug|x86 = Debug|x86
		Release|x86 = Release|x86
	EndGlobalSection
	GlobalSection(ProjectConfigurationPlatforms) = postSolution
		{C768A313-E92C-4970-B233-862E4D23AD76}.Debug|x86.ActiveCfg = Debug|x86
		{C768A313-E92C-4970-B233-862E4D23AD76}.Debug|x86.Build.0 = Debug|x86
		{C768A313-E92C-4970-B233-862E4D23AD76}.Release|x86.ActiveCfg = Release|x86
		{C768A313-E92C-4970-B233-862E4D23AD76}.Release|x86.Build.0 = Release|x86
	EndGlobalSection
	GlobalSection(SolutionProperties) = preSolution
		HideSolutionNode = FALSE
	EndGlobalSection
EndGlobal
